
Microsoft Visual Studio Solution File, Format Version 12.00
# Visual Studio 14
VisualStudioVersion = 14.0.25123.0
MinimumVisualStudioVersion = 10.0.40219.1
Project("{FAE04EC0-301F-11D3-BF4B-00C04F79EFBC}") = "CryptInject.BasicExample", "CryptInject.BasicExample\CryptInject.BasicExample.csproj", "{EECF4506-9BB6-4C14-984E-2A926D74E75D}"
EndProject
Project("{FAE04EC0-301F-11D3-BF4B-00C04F79EFBC}") = "CryptInject", "CryptInject\CryptInject.csproj", "{0CE39319-C759-4674-B82E-14EA7A95698C}"
EndProject
Project("{2150E333-8FDC-42A3-9474-1A3956D46DE8}") = "Solution Items", "Solution Items", "{2F39CA17-8246-4047-B3FE-E2B68ECFE715}"
	ProjectSection(SolutionItems) = preProject
		README.md = README.md
	EndProjectSection
EndProject
Project("{FAE04EC0-301F-11D3-BF4B-00C04F79EFBC}") = "CryptInject.WpfExample", "CryptInject.WpfExample\CryptInject.WpfExample.csproj", "{E13EB580-42D3-44BE-860F-DC7A005467A0}"
EndProject
Project("{FAE04EC0-301F-11D3-BF4B-00C04F79EFBC}") = "CryptInject.EntityFrameworkExample", "CryptInject.EntityFrameworkExample\CryptInject.EntityFrameworkExample.csproj", "{EA2DABA7-C0E6-4AD3-9688-5CE4BDBDB747}"
EndProject
Project("{FAE04EC0-301F-11D3-BF4B-00C04F79EFBC}") = "CryptInject.NHibernateExample", "CryptInject.NHibernateExample\CryptInject.NHibernateExample.csproj", "{809C4825-3FC4-462D-A0F7-28CEEE879563}"
EndProject
Project("{FAE04EC0-301F-11D3-BF4B-00C04F79EFBC}") = "CryptInject.WcfExample", "CryptInject.WcfExample\CryptInject.WcfExample.csproj", "{124163FA-295D-45D6-BBE2-87D56BE64335}"
EndProject
Project("{FAE04EC0-301F-11D3-BF4B-00C04F79EFBC}") = "CryptInject.Keys.AzureKeyVault", "CryptInject.Keys.AzureKeyVault\CryptInject.Keys.AzureKeyVault.csproj", "{6ECDB09C-2D4C-4079-81D5-1068B079835E}"
EndProject
Project("{FAE04EC0-301F-11D3-BF4B-00C04F79EFBC}") = "CryptInject.Tests", "CryptInject.Tests\CryptInject.Tests.csproj", "{C6974BD1-7BA9-4EAC-89EC-CFA342D94F57}"
EndProject
Global
	GlobalSection(SolutionConfigurationPlatforms) = preSolution
		Debug|Any CPU = Debug|Any CPU
		Debug|ARM = Debug|ARM
		Debug|x64 = Debug|x64
		Debug|x86 = Debug|x86
		Release|Any CPU = Release|Any CPU
		Release|ARM = Release|ARM
		Release|x64 = Release|x64
		Release|x86 = Release|x86
	EndGlobalSection
	GlobalSection(ProjectConfigurationPlatforms) = postSolution
		{EECF4506-9BB6-4C14-984E-2A926D74E75D}.Debug|Any CPU.ActiveCfg = Debug|Any CPU
		{EECF4506-9BB6-4C14-984E-2A926D74E75D}.Debug|Any CPU.Build.0 = Debug|Any CPU
		{EECF4506-9BB6-4C14-984E-2A926D74E75D}.Debug|ARM.ActiveCfg = Debug|Any CPU
		{EECF4506-9BB6-4C14-984E-2A926D74E75D}.Debug|x64.ActiveCfg = Debug|Any CPU
		{EECF4506-9BB6-4C14-984E-2A926D74E75D}.Debug|x86.ActiveCfg = Debug|Any CPU
		{EECF4506-9BB6-4C14-984E-2A926D74E75D}.Release|Any CPU.ActiveCfg = Release|Any CPU
		{EECF4506-9BB6-4C14-984E-2A926D74E75D}.Release|Any CPU.Build.0 = Release|Any CPU
		{EECF4506-9BB6-4C14-984E-2A926D74E75D}.Release|ARM.ActiveCfg = Release|Any CPU
		{EECF4506-9BB6-4C14-984E-2A926D74E75D}.Release|x64.ActiveCfg = Release|Any CPU
		{EECF4506-9BB6-4C14-984E-2A926D74E75D}.Release|x86.ActiveCfg = Release|Any CPU
		{0CE39319-C759-4674-B82E-14EA7A95698C}.Debug|Any CPU.ActiveCfg = Debug|Any CPU
		{0CE39319-C759-4674-B82E-14EA7A95698C}.Debug|Any CPU.Build.0 = Debug|Any CPU
		{0CE39319-C759-4674-B82E-14EA7A95698C}.Debug|ARM.ActiveCfg = Debug|Any CPU
		{0CE39319-C759-4674-B82E-14EA7A95698C}.Debug|x64.ActiveCfg = Debug|Any CPU
		{0CE39319-C759-4674-B82E-14EA7A95698C}.Debug|x86.ActiveCfg = Debug|Any CPU
		{0CE39319-C759-4674-B82E-14EA7A95698C}.Release|Any CPU.ActiveCfg = Release|Any CPU
		{0CE39319-C759-4674-B82E-14EA7A95698C}.Release|Any CPU.Build.0 = Release|Any CPU
		{0CE39319-C759-4674-B82E-14EA7A95698C}.Release|ARM.ActiveCfg = Release|Any CPU
		{0CE39319-C759-4674-B82E-14EA7A95698C}.Release|x64.ActiveCfg = Release|Any CPU
		{0CE39319-C759-4674-B82E-14EA7A95698C}.Release|x86.ActiveCfg = Release|Any CPU
		{E13EB580-42D3-44BE-860F-DC7A005467A0}.Debug|Any CPU.ActiveCfg = Debug|Any CPU
		{E13EB580-42D3-44BE-860F-DC7A005467A0}.Debug|ARM.ActiveCfg = Debug|Any CPU
		{E13EB580-42D3-44BE-860F-DC7A005467A0}.Debug|x64.ActiveCfg = Debug|Any CPU
		{E13EB580-42D3-44BE-860F-DC7A005467A0}.Debug|x86.ActiveCfg = Debug|Any CPU
		{E13EB580-42D3-44BE-860F-DC7A005467A0}.Release|Any CPU.ActiveCfg = Release|Any CPU
		{E13EB580-42D3-44BE-860F-DC7A005467A0}.Release|Any CPU.Build.0 = Release|Any CPU
		{E13EB580-42D3-44BE-860F-DC7A005467A0}.Release|ARM.ActiveCfg = Release|Any CPU
		{E13EB580-42D3-44BE-860F-DC7A005467A0}.Release|x64.ActiveCfg = Release|Any CPU
		{E13EB580-42D3-44BE-860F-DC7A005467A0}.Release|x86.ActiveCfg = Release|Any CPU
		{EA2DABA7-C0E6-4AD3-9688-5CE4BDBDB747}.Debug|Any CPU.ActiveCfg = Debug|Any CPU
		{EA2DABA7-C0E6-4AD3-9688-5CE4BDBDB747}.Debug|Any CPU.Build.0 = Debug|Any CPU
		{EA2DABA7-C0E6-4AD3-9688-5CE4BDBDB747}.Debug|ARM.ActiveCfg = Debug|Any CPU
		{EA2DABA7-C0E6-4AD3-9688-5CE4BDBDB747}.Debug|x64.ActiveCfg = Debug|Any CPU
		{EA2DABA7-C0E6-4AD3-9688-5CE4BDBDB747}.Debug|x86.ActiveCfg = Debug|Any CPU
		{EA2DABA7-C0E6-4AD3-9688-5CE4BDBDB747}.Release|Any CPU.ActiveCfg = Release|Any CPU
		{EA2DABA7-C0E6-4AD3-9688-5CE4BDBDB747}.Release|Any CPU.Build.0 = Release|Any CPU
		{EA2DABA7-C0E6-4AD3-9688-5CE4BDBDB747}.Release|ARM.ActiveCfg = Release|Any CPU
		{EA2DABA7-C0E6-4AD3-9688-5CE4BDBDB747}.Release|x64.ActiveCfg = Release|Any CPU
		{EA2DABA7-C0E6-4AD3-9688-5CE4BDBDB747}.Release|x86.ActiveCfg = Release|Any CPU
		{809C4825-3FC4-462D-A0F7-28CEEE879563}.Debug|Any CPU.ActiveCfg = Debug|Any CPU
		{809C4825-3FC4-462D-A0F7-28CEEE879563}.Debug|Any CPU.Build.0 = Debug|Any CPU
		{809C4825-3FC4-462D-A0F7-28CEEE879563}.Debug|ARM.ActiveCfg = Debug|Any CPU
		{809C4825-3FC4-462D-A0F7-28CEEE879563}.Debug|x64.ActiveCfg = Debug|Any CPU
		{809C4825-3FC4-462D-A0F7-28CEEE879563}.Debug|x86.ActiveCfg = Debug|Any CPU
		{809C4825-3FC4-462D-A0F7-28CEEE879563}.Release|Any CPU.ActiveCfg = Release|Any CPU
		{809C4825-3FC4-462D-A0F7-28CEEE879563}.Release|Any CPU.Build.0 = Release|Any CPU
		{809C4825-3FC4-462D-A0F7-28CEEE879563}.Release|ARM.ActiveCfg = Release|Any CPU
		{809C4825-3FC4-462D-A0F7-28CEEE879563}.Release|x64.ActiveCfg = Release|Any CPU
		{809C4825-3FC4-462D-A0F7-28CEEE879563}.Release|x86.ActiveCfg = Release|Any CPU
		{124163FA-295D-45D6-BBE2-87D56BE64335}.Debug|Any CPU.ActiveCfg = Debug|Any CPU
		{124163FA-295D-45D6-BBE2-87D56BE64335}.Debug|Any CPU.Build.0 = Debug|Any CPU
		{124163FA-295D-45D6-BBE2-87D56BE64335}.Debug|ARM.ActiveCfg = Debug|Any CPU
		{124163FA-295D-45D6-BBE2-87D56BE64335}.Debug|ARM.Build.0 = Debug|Any CPU
		{124163FA-295D-45D6-BBE2-87D56BE64335}.Debug|x64.ActiveCfg = Debug|Any CPU
		{124163FA-295D-45D6-BBE2-87D56BE64335}.Debug|x64.Build.0 = Debug|Any CPU
		{124163FA-295D-45D6-BBE2-87D56BE64335}.Debug|x86.ActiveCfg = Debug|Any CPU
		{124163FA-295D-45D6-BBE2-87D56BE64335}.Debug|x86.Build.0 = Debug|Any CPU
		{124163FA-295D-45D6-BBE2-87D56BE64335}.Release|Any CPU.ActiveCfg = Release|Any CPU
		{124163FA-295D-45D6-BBE2-87D56BE64335}.Release|Any CPU.Build.0 = Release|Any CPU
		{124163FA-295D-45D6-BBE2-87D56BE64335}.Release|ARM.ActiveCfg = Release|Any CPU
		{124163FA-295D-45D6-BBE2-87D56BE64335}.Release|ARM.Build.0 = Release|Any CPU
		{124163FA-295D-45D6-BBE2-87D56BE64335}.Release|x64.ActiveCfg = Release|Any CPU
		{124163FA-295D-45D6-BBE2-87D56BE64335}.Release|x64.Build.0 = Release|Any CPU
		{124163FA-295D-45D6-BBE2-87D56BE64335}.Release|x86.ActiveCfg = Release|Any CPU
		{124163FA-295D-45D6-BBE2-87D56BE64335}.Release|x86.Build.0 = Release|Any CPU
		{6ECDB09C-2D4C-4079-81D5-1068B079835E}.Debug|Any CPU.ActiveCfg = Debug|Any CPU
		{6ECDB09C-2D4C-4079-81D5-1068B079835E}.Debug|ARM.ActiveCfg = Debug|Any CPU
		{6ECDB09C-2D4C-4079-81D5-1068B079835E}.Debug|ARM.Build.0 = Debug|Any CPU
		{6ECDB09C-2D4C-4079-81D5-1068B079835E}.Debug|x64.ActiveCfg = Debug|Any CPU
		{6ECDB09C-2D4C-4079-81D5-1068B079835E}.Debug|x64.Build.0 = Debug|Any CPU
		{6ECDB09C-2D4C-4079-81D5-1068B079835E}.Debug|x86.ActiveCfg = Debug|Any CPU
		{6ECDB09C-2D4C-4079-81D5-1068B079835E}.Debug|x86.Build.0 = Debug|Any CPU
		{6ECDB09C-2D4C-4079-81D5-1068B079835E}.Release|Any CPU.ActiveCfg = Release|Any CPU
		{6ECDB09C-2D4C-4079-81D5-1068B079835E}.Release|Any CPU.Build.0 = Release|Any CPU
		{6ECDB09C-2D4C-4079-81D5-1068B079835E}.Release|ARM.ActiveCfg = Release|Any CPU
		{6ECDB09C-2D4C-4079-81D5-1068B079835E}.Release|ARM.Build.0 = Release|Any CPU
		{6ECDB09C-2D4C-4079-81D5-1068B079835E}.Release|x64.ActiveCfg = Release|Any CPU
		{6ECDB09C-2D4C-4079-81D5-1068B079835E}.Release|x64.Build.0 = Release|Any CPU
		{6ECDB09C-2D4C-4079-81D5-1068B079835E}.Release|x86.ActiveCfg = Release|Any CPU
		{6ECDB09C-2D4C-4079-81D5-1068B079835E}.Release|x86.Build.0 = Release|Any CPU
		{C6974BD1-7BA9-4EAC-89EC-CFA342D94F57}.Debug|Any CPU.ActiveCfg = Debug|Any CPU
		{C6974BD1-7BA9-4EAC-89EC-CFA342D94F57}.Debug|Any CPU.Build.0 = Debug|Any CPU
		{C6974BD1-7BA9-4EAC-89EC-CFA342D94F57}.Debug|ARM.ActiveCfg = Debug|Any CPU
		{C6974BD1-7BA9-4EAC-89EC-CFA342D94F57}.Debug|ARM.Build.0 = Debug|Any CPU
		{C6974BD1-7BA9-4EAC-89EC-CFA342D94F57}.Debug|x64.ActiveCfg = Debug|Any CPU
		{C6974BD1-7BA9-4EAC-89EC-CFA342D94F57}.Debug|x64.Build.0 = Debug|Any CPU
		{C6974BD1-7BA9-4EAC-89EC-CFA342D94F57}.Debug|x86.ActiveCfg = Debug|Any CPU
		{C6974BD1-7BA9-4EAC-89EC-CFA342D94F57}.Debug|x86.Build.0 = Debug|Any CPU
		{C6974BD1-7BA9-4EAC-89EC-CFA342D94F57}.Release|Any CPU.ActiveCfg = Release|Any CPU
		{C6974BD1-7BA9-4EAC-89EC-CFA342D94F57}.Release|Any CPU.Build.0 = Release|Any CPU
		{C6974BD1-7BA9-4EAC-89EC-CFA342D94F57}.Release|ARM.ActiveCfg = Release|Any CPU
		{C6974BD1-7BA9-4EAC-89EC-CFA342D94F57}.Release|ARM.Build.0 = Release|Any CPU
		{C6974BD1-7BA9-4EAC-89EC-CFA342D94F57}.Release|x64.ActiveCfg = Release|Any CPU
		{C6974BD1-7BA9-4EAC-89EC-CFA342D94F57}.Release|x64.Build.0 = Release|Any CPU
		{C6974BD1-7BA9-4EAC-89EC-CFA342D94F57}.Release|x86.ActiveCfg = Release|Any CPU
		{C6974BD1-7BA9-4EAC-89EC-CFA342D94F57}.Release|x86.Build.0 = Release|Any CPU
	EndGlobalSection
	GlobalSection(SolutionProperties) = preSolution
		HideSolutionNode = FALSE
	EndGlobalSection
EndGlobal
